{
  "name": "vue-ast",
  "version": "0.0.2",
  "lockfileVersion": 2,
  "requires": true,
  "packages": {
    "": {
      "name": "vue-ast",
      "version": "0.0.2",
      "license": "MIT",
      "dependencies": {
        "vue-ast": "^0.0.2"
      }
    },
    "node_modules/vue-ast": {
      "version": "0.0.2",
      "resolved": "https://registry.npmjs.org/vue-ast/-/vue-ast-0.0.2.tgz",
      "integrity": "sha512-fROXV+lwDxAjEq5dIk7sgnqNKk8vMOjFNN/lpd4FOpJVfM2jfQDdRf9S4K+BcPBb8qdg1AGL+VppB2+3oYt6cw=="
    }
  },
  "dependencies": {
    "vue-ast": {
      "version": "0.0.2",
      "resolved": "https://registry.npmjs.org/vue-ast/-/vue-ast-0.0.2.tgz",
      "integrity": "sha512-fROXV+lwDxAjEq5dIk7sgnqNKk8vMOjFNN/lpd4FOpJVfM2jfQDdRf9S4K+BcPBb8qdg1AGL+VppB2+3oYt6cw=="
    }
  }
}
